# THIS IS AN AUTOGENERATED FILE. DO NOT EDIT THIS FILE DIRECTLY.
# yarn lockfile v1


"@openai/realtime-api-beta@github:openai/openai-realtime-api-beta":
  version "0.0.0"
  resolved "https://codeload.github.com/openai/openai-realtime-api-beta/tar.gz/a5cb94824f625423858ebacb9f769226ca98945f"
  dependencies:
    ws "^8.18.0"

dotenv@^16.4.5:
  version "16.4.6"
  resolved "https://registry.yarnpkg.com/dotenv/-/dotenv-16.4.6.tgz#fc88e8a664087abf3e19d61e21f7feee1849bbb1"
  integrity sha512-JhcR/+KIjkkjiU8yEpaB/USlzVi3i5whwOjpIRNGi9svKEXZSe+Qp6IWAjFjv+2GViAoDRCUv/QLNziQxsLqDg==

ws@^8.18.0:
  version "8.18.0"
  resolved "https://registry.yarnpkg.com/ws/-/ws-8.18.0.tgz#0d7505a6eafe2b0e712d232b42279f53bc289bbc"
  integrity sha512-8VbfWfHLbbwu3+N6OKsOMpBdT4kXPDDB9cJk2bJ6mh9ucxdlnNvH1e+roYkKmN9Nxw2yjz7VzeO9oOz2zJ04Pw==
